{
  "name": "npm-workflow-test-user",
  "version": "0.0.1",
  "lockfileVersion": 3,
  "requires": true,
  "packages": {
    "": {
      "name": "npm-workflow-test-user",
      "version": "0.0.1",
      "license": "ISC",
      "dependencies": {
        "npm-workflow-test": "^0.0.3"
      }
    },
    "node_modules/npm-workflow-test": {
      "version": "0.0.3",
      "resolved": "https://registry.npmjs.org/npm-workflow-test/-/npm-workflow-test-0.0.3.tgz",
      "integrity": "sha512-FTqmCLUsGAo9F1GYfjanpLJZewU0RbunlRDWrty8c2O5pedKVc2z9Vc0vR0qNe/61/K8rH2sl4G8FWB4aoT5/Q=="
    }
  }
}
