{
  "name": "npm-workflow-test-user",
  "version": "0.0.1",
  "lockfileVersion": 3,
  "requires": true,
  "packages": {
    "": {
      "name": "npm-workflow-test-user",
      "version": "0.0.1",
      "license": "ISC",
      "dependencies": {
        "npm-workflow-test": "^0.0.1"
      }
    },
    "node_modules/npm-workflow-test": {
      "version": "0.0.1",
      "resolved": "https://registry.npmjs.org/npm-workflow-test/-/npm-workflow-test-0.0.1.tgz",
      "integrity": "sha512-0Yaf6+4R5hCRzdMXtvLMbySymWy8mEMSAKTqHQk5LJt7xREesOC8+en5ahwWnLuSxaxVUlOyHixI3CFsDUIJ7Q=="
    }
  }
}
